
Microsoft Visual Studio Solution File, Format Version 12.00
Project("{FAE04EC0-301F-11D3-BF4B-00C04F79EFBC}") = "GMutagenEngine", "GMutagenEngine\GMutagenEngine.csproj", "{86BC9751-B65D-4908-BC41-6B8DA7691346}"
EndProject
Global
	GlobalSection(SolutionConfigurationPlatforms) = preSolution
		Debug|Any CPU = Debug|Any CPU
		Release|Any CPU = Release|Any CPU
	EndGlobalSection
	GlobalSection(ProjectConfigurationPlatforms) = postSolution
		{86BC9751-B65D-4908-BC41-6B8DA7691346}.Debug|Any CPU.ActiveCfg = Debug|Any CPU
		{86BC9751-B65D-4908-BC41-6B8DA7691346}.Debug|Any CPU.Build.0 = Debug|Any CPU
		{86BC9751-B65D-4908-BC41-6B8DA7691346}.Release|Any CPU.ActiveCfg = Release|Any CPU
		{86BC9751-B65D-4908-BC41-6B8DA7691346}.Release|Any CPU.Build.0 = Release|Any CPU
	EndGlobalSection
EndGlobal
